
Microsoft Visual Studio Solution File, Format Version 12.00
# Visual Studio 15
Project("{FAE04EC0-301F-11D3-BF4B-00C04F79EFBC}") = "Assembly-CSharp", "Assembly-CSharp.csproj", "{DE6CE8E5-37D2-5F42-9882-760ECFC999CA}"
EndProject
Project("{FAE04EC0-301F-11D3-BF4B-00C04F79EFBC}") = "Assembly-CSharp-Editor", "Assembly-CSharp-Editor.csproj", "{D0592DD9-6768-D9D0-EE21-888AD3B2ECCD}"
EndProject
Global
	GlobalSection(SolutionConfigurationPlatforms) = preSolution
		Debug|Any CPU = Debug|Any CPU
		Release|Any CPU = Release|Any CPU
	EndGlobalSection
	GlobalSection(ProjectConfigurationPlatforms) = postSolution
		{DE6CE8E5-37D2-5F42-9882-760ECFC999CA}.Debug|Any CPU.ActiveCfg = Debug|Any CPU
		{DE6CE8E5-37D2-5F42-9882-760ECFC999CA}.Debug|Any CPU.Build.0 = Debug|Any CPU
		{DE6CE8E5-37D2-5F42-9882-760ECFC999CA}.Release|Any CPU.ActiveCfg = Release|Any CPU
		{DE6CE8E5-37D2-5F42-9882-760ECFC999CA}.Release|Any CPU.Build.0 = Release|Any CPU
		{D0592DD9-6768-D9D0-EE21-888AD3B2ECCD}.Debug|Any CPU.ActiveCfg = Debug|Any CPU
		{D0592DD9-6768-D9D0-EE21-888AD3B2ECCD}.Debug|Any CPU.Build.0 = Debug|Any CPU
		{D0592DD9-6768-D9D0-EE21-888AD3B2ECCD}.Release|Any CPU.ActiveCfg = Release|Any CPU
		{D0592DD9-6768-D9D0-EE21-888AD3B2ECCD}.Release|Any CPU.Build.0 = Release|Any CPU
	EndGlobalSection
	GlobalSection(SolutionProperties) = preSolution
		HideSolutionNode = FALSE
	EndGlobalSection
EndGlobal
