
Microsoft Visual Studio Solution File, Format Version 12.00
# Visual Studio 15
Project("{FAE04EC0-301F-11D3-BF4B-00C04F79EFBC}") = "Assembly-CSharp", "Assembly-CSharp.csproj", "{BB55A421-F782-50B2-0649-B6A98A386D3D}"
EndProject
Project("{FAE04EC0-301F-11D3-BF4B-00C04F79EFBC}") = "Assembly-CSharp-Editor", "Assembly-CSharp-Editor.csproj", "{B17F2270-38D2-55A5-F54B-FE89B23C0229}"
EndProject
Global
	GlobalSection(SolutionConfigurationPlatforms) = preSolution
		Debug|Any CPU = Debug|Any CPU
		Release|Any CPU = Release|Any CPU
	EndGlobalSection
	GlobalSection(ProjectConfigurationPlatforms) = postSolution
		{BB55A421-F782-50B2-0649-B6A98A386D3D}.Debug|Any CPU.ActiveCfg = Debug|Any CPU
		{BB55A421-F782-50B2-0649-B6A98A386D3D}.Debug|Any CPU.Build.0 = Debug|Any CPU
		{BB55A421-F782-50B2-0649-B6A98A386D3D}.Release|Any CPU.ActiveCfg = Release|Any CPU
		{BB55A421-F782-50B2-0649-B6A98A386D3D}.Release|Any CPU.Build.0 = Release|Any CPU
		{B17F2270-38D2-55A5-F54B-FE89B23C0229}.Debug|Any CPU.ActiveCfg = Debug|Any CPU
		{B17F2270-38D2-55A5-F54B-FE89B23C0229}.Debug|Any CPU.Build.0 = Debug|Any CPU
		{B17F2270-38D2-55A5-F54B-FE89B23C0229}.Release|Any CPU.ActiveCfg = Release|Any CPU
		{B17F2270-38D2-55A5-F54B-FE89B23C0229}.Release|Any CPU.Build.0 = Release|Any CPU
	EndGlobalSection
	GlobalSection(SolutionProperties) = preSolution
		HideSolutionNode = FALSE
	EndGlobalSection
EndGlobal
